
Microsoft Visual Studio Solution File, Format Version 12.00
# Visual Studio Version 16
VisualStudioVersion = 16.0.29209.62
MinimumVisualStudioVersion = 10.0.40219.1
Project("{FAE04EC0-301F-11D3-BF4B-00C04F79EFBC}") = "BetterPeople", "BetterPeople\BetterPeople.csproj", "{755B1E38-44E1-44EE-9905-7DF0A0B71BCB}"
EndProject
Global
	GlobalSection(SolutionConfigurationPlatforms) = preSolution
		Debug|Any CPU = Debug|Any CPU
		Release|Any CPU = Release|Any CPU
	EndGlobalSection
	GlobalSection(ProjectConfigurationPlatforms) = postSolution
		{755B1E38-44E1-44EE-9905-7DF0A0B71BCB}.Debug|Any CPU.ActiveCfg = Debug|Any CPU
		{755B1E38-44E1-44EE-9905-7DF0A0B71BCB}.Debug|Any CPU.Build.0 = Debug|Any CPU
		{755B1E38-44E1-44EE-9905-7DF0A0B71BCB}.Release|Any CPU.ActiveCfg = Release|Any CPU
		{755B1E38-44E1-44EE-9905-7DF0A0B71BCB}.Release|Any CPU.Build.0 = Release|Any CPU
	EndGlobalSection
	GlobalSection(SolutionProperties) = preSolution
		HideSolutionNode = FALSE
	EndGlobalSection
	GlobalSection(ExtensibilityGlobals) = postSolution
		SolutionGuid = {F4310184-BF9D-409F-9052-C58F5035E4C9}
	EndGlobalSection
EndGlobal
